// !$*UTF8*$!
{
	archiveVersion = 1;
	classes = {
	};
	objectVersion = 55;
	objects = {

/* Begin PBXBuildFile section */
		07D05F5C2810553A0051585F /* main.cpp in Sources */ = {isa = PBXBuildFile; fileRef = 07D05F5B2810553A0051585F /* main.cpp */; };
		07D05F65281056ED0051585F /* cat.cpp in Sources */ = {isa = PBXBuildFile; fileRef = 07D05F63281056ED0051585F /* cat.cpp */; };
		07F9532228133DBF00C98DA1 /* animal.cpp in Sources */ = {isa = PBXBuildFile; fileRef = 07F9532028133DBF00C98DA1 /* animal.cpp */; };
		07F9532528133DD300C98DA1 /* dog.cpp in Sources */ = {isa = PBXBuildFile; fileRef = 07F9532328133DD300C98DA1 /* dog.cpp */; };
/* End PBXBuildFile section */

/* Begin PBXCopyFilesBuildPhase section */
		07D05F562810553A0051585F /* CopyFiles */ = {
			isa = PBXCopyFilesBuildPhase;
			buildActionMask = 2147483647;
			dstPath = /usr/share/man/man1/;
			dstSubfolderSpec = 0;
			files = (
			);
			runOnlyForDeploymentPostprocessing = 1;
		};
/* End PBXCopyFilesBuildPhase section */

/* Begin PBXFileReference section */
		07D05F582810553A0051585F /* HW 6 - operation kindness */ = {isa = PBXFileReference; explicitFileType = "compiled.mach-o.executable"; includeInIndex = 0; path = "HW 6 - operation kindness"; sourceTree = BUILT_PRODUCTS_DIR; };
		07D05F5B2810553A0051585F /* main.cpp */ = {isa = PBXFileReference; lastKnownFileType = sourcecode.cpp.cpp; path = main.cpp; sourceTree = "<group>"; };
		07D05F622810559F0051585F /* Animal Shelter Data-05.csv */ = {isa = PBXFileReference; fileEncoding = 4; lastKnownFileType = text; path = "Animal Shelter Data-05.csv"; sourceTree = "<group>"; };
		07D05F63281056ED0051585F /* cat.cpp */ = {isa = PBXFileReference; lastKnownFileType = sourcecode.cpp.cpp; path = cat.cpp; sourceTree = "<group>"; };
		07D05F64281056ED0051585F /* cat.hpp */ = {isa = PBXFileReference; lastKnownFileType = sourcecode.cpp.h; path = cat.hpp; sourceTree = "<group>"; };
		07F9532028133DBF00C98DA1 /* animal.cpp */ = {isa = PBXFileReference; lastKnownFileType = sourcecode.cpp.cpp; path = animal.cpp; sourceTree = "<group>"; };
		07F9532128133DBF00C98DA1 /* animal.hpp */ = {isa = PBXFileReference; lastKnownFileType = sourcecode.cpp.h; path = animal.hpp; sourceTree = "<group>"; };
		07F9532328133DD300C98DA1 /* dog.cpp */ = {isa = PBXFileReference; lastKnownFileType = sourcecode.cpp.cpp; path = dog.cpp; sourceTree = "<group>"; };
		07F9532428133DD300C98DA1 /* dog.hpp */ = {isa = PBXFileReference; lastKnownFileType = sourcecode.cpp.h; path = dog.hpp; sourceTree = "<group>"; };
/* End PBXFileReference section */

/* Begin PBXFrameworksBuildPhase section */
		07D05F552810553A0051585F /* Frameworks */ = {
			isa = PBXFrameworksBuildPhase;
			buildActionMask = 2147483647;
			files = (
			);
			runOnlyForDeploymentPostprocessing = 0;
		};
/* End PBXFrameworksBuildPhase section */

/* Begin PBXGroup section */
		07D05F4F2810553A0051585F = {
			isa = PBXGroup;
			children = (
				07D05F5A2810553A0051585F /* HW 6 - operation kindness */,
				07D05F592810553A0051585F /* Products */,
			);
			sourceTree = "<group>";
		};
		07D05F592810553A0051585F /* Products */ = {
			isa = PBXGroup;
			children = (
				07D05F582810553A0051585F /* HW 6 - operation kindness */,
			);
			name = Products;
			sourceTree = "<group>";
		};
		07D05F5A2810553A0051585F /* HW 6 - operation kindness */ = {
			isa = PBXGroup;
			children = (
				07D05F5B2810553A0051585F /* main.cpp */,
				07D05F622810559F0051585F /* Animal Shelter Data-05.csv */,
				07F9532028133DBF00C98DA1 /* animal.cpp */,
				07F9532128133DBF00C98DA1 /* animal.hpp */,
				07D05F63281056ED0051585F /* cat.cpp */,
				07D05F64281056ED0051585F /* cat.hpp */,
				07F9532328133DD300C98DA1 /* dog.cpp */,
				07F9532428133DD300C98DA1 /* dog.hpp */,
			);
			path = "HW 6 - operation kindness";
			sourceTree = "<group>";
		};
/* End PBXGroup section */

/* Begin PBXNativeTarget section */
		07D05F572810553A0051585F /* HW 6 - operation kindness */ = {
			isa = PBXNativeTarget;
			buildConfigurationList = 07D05F5F2810553A0051585F /* Build configuration list for PBXNativeTarget "HW 6 - operation kindness" */;
			buildPhases = (
				07D05F542810553A0051585F /* Sources */,
				07D05F552810553A0051585F /* Frameworks */,
				07D05F562810553A0051585F /* CopyFiles */,
			);
			buildRules = (
			);
			dependencies = (
			);
			name = "HW 6 - operation kindness";
			productName = "HW 6 - operation kindness";
			productReference = 07D05F582810553A0051585F /* HW 6 - operation kindness */;
			productType = "com.apple.product-type.tool";
		};
/* End PBXNativeTarget section */

/* Begin PBXProject section */
		07D05F502810553A0051585F /* Project object */ = {
			isa = PBXProject;
			attributes = {
				BuildIndependentTargetsInParallel = 1;
				LastUpgradeCheck = 1310;
				TargetAttributes = {
					07D05F572810553A0051585F = {
						CreatedOnToolsVersion = 13.1;
					};
				};
			};
			buildConfigurationList = 07D05F532810553A0051585F /* Build configuration list for PBXProject "HW 6 - operation kindness" */;
			compatibilityVersion = "Xcode 13.0";
			developmentRegion = en;
			hasScannedForEncodings = 0;
			knownRegions = (
				en,
				Base,
			);
			mainGroup = 07D05F4F2810553A0051585F;
			productRefGroup = 07D05F592810553A0051585F /* Products */;
			projectDirPath = "";
			projectRoot = "";
			targets = (
				07D05F572810553A0051585F /* HW 6 - operation kindness */,
			);
		};
/* End PBXProject section */

/* Begin PBXSourcesBuildPhase section */
		07D05F542810553A0051585F /* Sources */ = {
			isa = PBXSourcesBuildPhase;
			buildActionMask = 2147483647;
			files = (
				07D05F65281056ED0051585F /* cat.cpp in Sources */,
				07D05F5C2810553A0051585F /* main.cpp in Sources */,
				07F9532528133DD300C98DA1 /* dog.cpp in Sources */,
				07F9532228133DBF00C98DA1 /* animal.cpp in Sources */,
			);
			runOnlyForDeploymentPostprocessing = 0;
		};
/* End PBXSourcesBuildPhase section */

/* Begin XCBuildConfiguration section */
		07D05F5D2810553A0051585F /* Debug */ = {
			isa = XCBuildConfiguration;
			buildSettings = {
				ALWAYS_SEARCH_USER_PATHS = NO;
				CLANG_ANALYZER_NONNULL = YES;
				CLANG_ANALYZER_NUMBER_OBJECT_CONVERSION = YES_AGGRESSIVE;
				CLANG_CXX_LANGUAGE_STANDARD = "gnu++17";
				CLANG_CXX_LIBRARY = "libc++";
				CLANG_ENABLE_MODULES = YES;
				CLANG_ENABLE_OBJC_ARC = YES;
				CLANG_ENABLE_OBJC_WEAK = YES;
				CLANG_WARN_BLOCK_CAPTURE_AUTORELEASING = YES;
				CLANG_WARN_BOOL_CONVERSION = YES;
				CLANG_WARN_COMMA = YES;
				CLANG_WARN_CONSTANT_CONVERSION = YES;
				CLANG_WARN_DEPRECATED_OBJC_IMPLEMENTATIONS = YES;
				CLANG_WARN_DIRECT_OBJC_ISA_USAGE = YES_ERROR;
				CLANG_WARN_DOCUMENTATION_COMMENTS = YES;
				CLANG_WARN_EMPTY_BODY = YES;
				CLANG_WARN_ENUM_CONVERSION = YES;
				CLANG_WARN_INFINITE_RECURSION = YES;
				CLANG_WARN_INT_CONVERSION = YES;
				CLANG_WARN_NON_LITERAL_NULL_CONVERSION = YES;
				CLANG_WARN_OBJC_IMPLICIT_RETAIN_SELF = YES;
				CLANG_WARN_OBJC_LITERAL_CONVERSION = YES;
				CLANG_WARN_OBJC_ROOT_CLASS = YES_ERROR;
				CLANG_WARN_QUOTED_INCLUDE_IN_FRAMEWORK_HEADER = YES;
				CLANG_WARN_RANGE_LOOP_ANALYSIS = YES;
				CLANG_WARN_STRICT_PROTOTYPES = YES;
				CLANG_WARN_SUSPICIOUS_MOVE = YES;
				CLANG_WARN_UNGUARDED_AVAILABILITY = YES_AGGRESSIVE;
				CLANG_WARN_UNREACHABLE_CODE = YES;
				CLANG_WARN__DUPLICATE_METHOD_MATCH = YES;
				COPY_PHASE_STRIP = NO;
				DEBUG_INFORMATION_FORMAT = dwarf;
				ENABLE_STRICT_OBJC_MSGSEND = YES;
				ENABLE_TESTABILITY = YES;
				GCC_C_LANGUAGE_STANDARD = gnu11;
				GCC_DYNAMIC_NO_PIC = NO;
				GCC_NO_COMMON_BLOCKS = YES;
				GCC_OPTIMIZATION_LEVEL = 0;
				GCC_PREPROCESSOR_DEFINITIONS = (
					"DEBUG=1",
					"$(inherited)",
				);
				GCC_WARN_64_TO_32_BIT_CONVERSION = YES;
				GCC_WARN_ABOUT_RETURN_TYPE = YES_ERROR;
				GCC_WARN_UNDECLARED_SELECTOR = YES;
				GCC_WARN_UNINITIALIZED_AUTOS = YES_AGGRESSIVE;
				GCC_WARN_UNUSED_FUNCTION = YES;
				GCC_WARN_UNUSED_VARIABLE = YES;
				MACOSX_DEPLOYMENT_TARGET = 12.0;
				MTL_ENABLE_DEBUG_INFO = INCLUDE_SOURCE;
				MTL_FAST_MATH = YES;
				ONLY_ACTIVE_ARCH = YES;
				SDKROOT = macosx;
			};
			name = Debug;
		};
		07D05F5E2810553A0051585F /* Release */ = {
			isa = XCBuildConfiguration;
			buildSettings = {
				ALWAYS_SEARCH_USER_PATHS = NO;
				CLANG_ANALYZER_NONNULL = YES;
				CLANG_ANALYZER_NUMBER_OBJECT_CONVERSION = YES_AGGRESSIVE;
				CLANG_CXX_LANGUAGE_STANDARD = "gnu++17";
				CLANG_CXX_LIBRARY = "libc++";
				CLANG_ENABLE_MODULES = YES;
				CLANG_ENABLE_OBJC_ARC = YES;
				CLANG_ENABLE_OBJC_WEAK = YES;
				CLANG_WARN_BLOCK_CAPTURE_AUTORELEASING = YES;
				CLANG_WARN_BOOL_CONVERSION = YES;
				CLANG_WARN_COMMA = YES;
				CLANG_WARN_CONSTANT_CONVERSION = YES;
				CLANG_WARN_DEPRECATED_OBJC_IMPLEMENTATIONS = YES;
				CLANG_WARN_DIRECT_OBJC_ISA_USAGE = YES_ERROR;
				CLANG_WARN_DOCUMENTATION_COMMENTS = YES;
				CLANG_WARN_EMPTY_BODY = YES;
				CLANG_WARN_ENUM_CONVERSION = YES;
				CLANG_WARN_INFINITE_RECURSION = YES;
				CLANG_WARN_INT_CONVERSION = YES;
				CLANG_WARN_NON_LITERAL_NULL_CONVERSION = YES;
				CLANG_WARN_OBJC_IMPLICIT_RETAIN_SELF = YES;
				CLANG_WARN_OBJC_LITERAL_CONVERSION = YES;
				CLANG_WARN_OBJC_ROOT_CLASS = YES_ERROR;
				CLANG_WARN_QUOTED_INCLUDE_IN_FRAMEWORK_HEADER = YES;
				CLANG_WARN_RANGE_LOOP_ANALYSIS = YES;
				CLANG_WARN_STRICT_PROTOTYPES = YES;
				CLANG_WARN_SUSPICIOUS_MOVE = YES;
				CLANG_WARN_UNGUARDED_AVAILABILITY = YES_AGGRESSIVE;
				CLANG_WARN_UNREACHABLE_CODE = YES;
				CLANG_WARN__DUPLICATE_METHOD_MATCH = YES;
				COPY_PHASE_STRIP = NO;
				DEBUG_INFORMATION_FORMAT = "dwarf-with-dsym";
				ENABLE_NS_ASSERTIONS = NO;
				ENABLE_STRICT_OBJC_MSGSEND = YES;
				GCC_C_LANGUAGE_STANDARD = gnu11;
				GCC_NO_COMMON_BLOCKS = YES;
				GCC_WARN_64_TO_32_BIT_CONVERSION = YES;
				GCC_WARN_ABOUT_RETURN_TYPE = YES_ERROR;
				GCC_WARN_UNDECLARED_SELECTOR = YES;
				GCC_WARN_UNINITIALIZED_AUTOS = YES_AGGRESSIVE;
				GCC_WARN_UNUSED_FUNCTION = YES;
				GCC_WARN_UNUSED_VARIABLE = YES;
				MACOSX_DEPLOYMENT_TARGET = 12.0;
				MTL_ENABLE_DEBUG_INFO = NO;
				MTL_FAST_MATH = YES;
				SDKROOT = macosx;
			};
			name = Release;
		};
		07D05F602810553A0051585F /* Debug */ = {
			isa = XCBuildConfiguration;
			buildSettings = {
				CODE_SIGN_STYLE = Automatic;
				DEVELOPMENT_TEAM = S5672AW2RT;
				ENABLE_HARDENED_RUNTIME = YES;
				PRODUCT_NAME = "$(TARGET_NAME)";
			};
			name = Debug;
		};
		07D05F612810553A0051585F /* Release */ = {
			isa = XCBuildConfiguration;
			buildSettings = {
				CODE_SIGN_STYLE = Automatic;
				DEVELOPMENT_TEAM = S5672AW2RT;
				ENABLE_HARDENED_RUNTIME = YES;
				PRODUCT_NAME = "$(TARGET_NAME)";
			};
			name = Release;
		};
/* End XCBuildConfiguration section */

/* Begin XCConfigurationList section */
		07D05F532810553A0051585F /* Build configuration list for PBXProject "HW 6 - operation kindness" */ = {
			isa = XCConfigurationList;
			buildConfigurations = (
				07D05F5D2810553A0051585F /* Debug */,
				07D05F5E2810553A0051585F /* Release */,
			);
			defaultConfigurationIsVisible = 0;
			defaultConfigurationName = Release;
		};
		07D05F5F2810553A0051585F /* Build configuration list for PBXNativeTarget "HW 6 - operation kindness" */ = {
			isa = XCConfigurationList;
			buildConfigurations = (
				07D05F602810553A0051585F /* Debug */,
				07D05F612810553A0051585F /* Release */,
			);
			defaultConfigurationIsVisible = 0;
			defaultConfigurationName = Release;
		};
/* End XCConfigurationList section */
	};
	rootObject = 07D05F502810553A0051585F /* Project object */;
}
